// !$*UTF8*$!
{
	archiveVersion = 1;
	classes = {
	};
	objectVersion = 56;
	objects = {

/* Begin PBXBuildFile section */
		F17C1C0A2A30E22A00CABDB3 /* Homework1App.swift in Sources */ = {isa = PBXBuildFile; fileRef = F17C1C092A30E22A00CABDB3 /* Homework1App.swift */; };
		F17C1C0C2A30E22A00CABDB3 /* ContentView.swift in Sources */ = {isa = PBXBuildFile; fileRef = F17C1C0B2A30E22A00CABDB3 /* ContentView.swift */; };
		F17C1C0E2A30E22C00CABDB3 /* Assets.xcassets in Resources */ = {isa = PBXBuildFile; fileRef = F17C1C0D2A30E22C00CABDB3 /* Assets.xcassets */; };
		F17C1C112A30E22C00CABDB3 /* Preview Assets.xcassets in Resources */ = {isa = PBXBuildFile; fileRef = F17C1C102A30E22C00CABDB3 /* Preview Assets.xcassets */; };
		F17C1C182A30E89500CABDB3 /* SecondScreen.swift in Sources */ = {isa = PBXBuildFile; fileRef = F17C1C172A30E89500CABDB3 /* SecondScreen.swift */; };
		F17C1C1A2A30EAD000CABDB3 /* ThirdScreen.swift in Sources */ = {isa = PBXBuildFile; fileRef = F17C1C192A30EAD000CABDB3 /* ThirdScreen.swift */; };
		F19386FD2A31D02E0035CF02 /* ModalScreen.swift in Sources */ = {isa = PBXBuildFile; fileRef = F19386FC2A31D02E0035CF02 /* ModalScreen.swift */; };
		F19386FF2A31D61A0035CF02 /* FirstScreen.swift in Sources */ = {isa = PBXBuildFile; fileRef = F19386FE2A31D61A0035CF02 /* FirstScreen.swift */; };
		F1B2E55D2A331EE5006F3B25 /* DetailScreen.swift in Sources */ = {isa = PBXBuildFile; fileRef = F1B2E55C2A331EE5006F3B25 /* DetailScreen.swift */; };
		F1B2E55F2A337295006F3B25 /* RepresentableScreen.swift in Sources */ = {isa = PBXBuildFile; fileRef = F1B2E55E2A337295006F3B25 /* RepresentableScreen.swift */; };
/* End PBXBuildFile section */

/* Begin PBXFileReference section */
		F17C1C062A30E22A00CABDB3 /* Homework1.app */ = {isa = PBXFileReference; explicitFileType = wrapper.application; includeInIndex = 0; path = Homework1.app; sourceTree = BUILT_PRODUCTS_DIR; };
		F17C1C092A30E22A00CABDB3 /* Homework1App.swift */ = {isa = PBXFileReference; lastKnownFileType = sourcecode.swift; path = Homework1App.swift; sourceTree = "<group>"; };
		F17C1C0B2A30E22A00CABDB3 /* ContentView.swift */ = {isa = PBXFileReference; lastKnownFileType = sourcecode.swift; path = ContentView.swift; sourceTree = "<group>"; };
		F17C1C0D2A30E22C00CABDB3 /* Assets.xcassets */ = {isa = PBXFileReference; lastKnownFileType = folder.assetcatalog; path = Assets.xcassets; sourceTree = "<group>"; };
		F17C1C102A30E22C00CABDB3 /* Preview Assets.xcassets */ = {isa = PBXFileReference; lastKnownFileType = folder.assetcatalog; path = "Preview Assets.xcassets"; sourceTree = "<group>"; };
		F17C1C172A30E89500CABDB3 /* SecondScreen.swift */ = {isa = PBXFileReference; lastKnownFileType = sourcecode.swift; path = SecondScreen.swift; sourceTree = "<group>"; };
		F17C1C192A30EAD000CABDB3 /* ThirdScreen.swift */ = {isa = PBXFileReference; lastKnownFileType = sourcecode.swift; path = ThirdScreen.swift; sourceTree = "<group>"; };
		F19386FC2A31D02E0035CF02 /* ModalScreen.swift */ = {isa = PBXFileReference; lastKnownFileType = sourcecode.swift; path = ModalScreen.swift; sourceTree = "<group>"; };
		F19386FE2A31D61A0035CF02 /* FirstScreen.swift */ = {isa = PBXFileReference; lastKnownFileType = sourcecode.swift; path = FirstScreen.swift; sourceTree = "<group>"; };
		F1B2E55C2A331EE5006F3B25 /* DetailScreen.swift */ = {isa = PBXFileReference; lastKnownFileType = sourcecode.swift; path = DetailScreen.swift; sourceTree = "<group>"; };
		F1B2E55E2A337295006F3B25 /* RepresentableScreen.swift */ = {isa = PBXFileReference; lastKnownFileType = sourcecode.swift; path = RepresentableScreen.swift; sourceTree = "<group>"; };
/* End PBXFileReference section */

/* Begin PBXFrameworksBuildPhase section */
		F17C1C032A30E22A00CABDB3 /* Frameworks */ = {
			isa = PBXFrameworksBuildPhase;
			buildActionMask = 2147483647;
			files = (
			);
			runOnlyForDeploymentPostprocessing = 0;
		};
/* End PBXFrameworksBuildPhase section */

/* Begin PBXGroup section */
		F17C1BFD2A30E22A00CABDB3 = {
			isa = PBXGroup;
			children = (
				F17C1C082A30E22A00CABDB3 /* Homework1 */,
				F17C1C072A30E22A00CABDB3 /* Products */,
			);
			sourceTree = "<group>";
		};
		F17C1C072A30E22A00CABDB3 /* Products */ = {
			isa = PBXGroup;
			children = (
				F17C1C062A30E22A00CABDB3 /* Homework1.app */,
			);
			name = Products;
			sourceTree = "<group>";
		};
		F17C1C082A30E22A00CABDB3 /* Homework1 */ = {
			isa = PBXGroup;
			children = (
				F17C1C092A30E22A00CABDB3 /* Homework1App.swift */,
				F17C1C0B2A30E22A00CABDB3 /* ContentView.swift */,
				F19386FE2A31D61A0035CF02 /* FirstScreen.swift */,
				F17C1C172A30E89500CABDB3 /* SecondScreen.swift */,
				F1B2E55E2A337295006F3B25 /* RepresentableScreen.swift */,
				F1B2E55C2A331EE5006F3B25 /* DetailScreen.swift */,
				F17C1C192A30EAD000CABDB3 /* ThirdScreen.swift */,
				F19386FC2A31D02E0035CF02 /* ModalScreen.swift */,
				F17C1C0D2A30E22C00CABDB3 /* Assets.xcassets */,
				F17C1C0F2A30E22C00CABDB3 /* Preview Content */,
			);
			path = Homework1;
			sourceTree = "<group>";
		};
		F17C1C0F2A30E22C00CABDB3 /* Preview Content */ = {
			isa = PBXGroup;
			children = (
				F17C1C102A30E22C00CABDB3 /* Preview Assets.xcassets */,
			);
			path = "Preview Content";
			sourceTree = "<group>";
		};
/* End PBXGroup section */

/* Begin PBXNativeTarget section */
		F17C1C052A30E22A00CABDB3 /* Homework1 */ = {
			isa = PBXNativeTarget;
			buildConfigurationList = F17C1C142A30E22C00CABDB3 /* Build configuration list for PBXNativeTarget "Homework1" */;
			buildPhases = (
				F17C1C022A30E22A00CABDB3 /* Sources */,
				F17C1C032A30E22A00CABDB3 /* Frameworks */,
				F17C1C042A30E22A00CABDB3 /* Resources */,
			);
			buildRules = (
			);
			dependencies = (
			);
			name = Homework1;
			productName = Homework1;
			productReference = F17C1C062A30E22A00CABDB3 /* Homework1.app */;
			productType = "com.apple.product-type.application";
		};
/* End PBXNativeTarget section */

/* Begin PBXProject section */
		F17C1BFE2A30E22A00CABDB3 /* Project object */ = {
			isa = PBXProject;
			attributes = {
				BuildIndependentTargetsInParallel = 1;
				LastSwiftUpdateCheck = 1430;
				LastUpgradeCheck = 1430;
				TargetAttributes = {
					F17C1C052A30E22A00CABDB3 = {
						CreatedOnToolsVersion = 14.3;
					};
				};
			};
			buildConfigurationList = F17C1C012A30E22A00CABDB3 /* Build configuration list for PBXProject "Homework1" */;
			compatibilityVersion = "Xcode 14.0";
			developmentRegion = en;
			hasScannedForEncodings = 0;
			knownRegions = (
				en,
				Base,
			);
			mainGroup = F17C1BFD2A30E22A00CABDB3;
			productRefGroup = F17C1C072A30E22A00CABDB3 /* Products */;
			projectDirPath = "";
			projectRoot = "";
			targets = (
				F17C1C052A30E22A00CABDB3 /* Homework1 */,
			);
		};
/* End PBXProject section */

/* Begin PBXResourcesBuildPhase section */
		F17C1C042A30E22A00CABDB3 /* Resources */ = {
			isa = PBXResourcesBuildPhase;
			buildActionMask = 2147483647;
			files = (
				F17C1C112A30E22C00CABDB3 /* Preview Assets.xcassets in Resources */,
				F17C1C0E2A30E22C00CABDB3 /* Assets.xcassets in Resources */,
			);
			runOnlyForDeploymentPostprocessing = 0;
		};
/* End PBXResourcesBuildPhase section */

/* Begin PBXSourcesBuildPhase section */
		F17C1C022A30E22A00CABDB3 /* Sources */ = {
			isa = PBXSourcesBuildPhase;
			buildActionMask = 2147483647;
			files = (
				F17C1C0C2A30E22A00CABDB3 /* ContentView.swift in Sources */,
				F19386FD2A31D02E0035CF02 /* ModalScreen.swift in Sources */,
				F19386FF2A31D61A0035CF02 /* FirstScreen.swift in Sources */,
				F17C1C0A2A30E22A00CABDB3 /* Homework1App.swift in Sources */,
				F1B2E55F2A337295006F3B25 /* RepresentableScreen.swift in Sources */,
				F17C1C182A30E89500CABDB3 /* SecondScreen.swift in Sources */,
				F1B2E55D2A331EE5006F3B25 /* DetailScreen.swift in Sources */,
				F17C1C1A2A30EAD000CABDB3 /* ThirdScreen.swift in Sources */,
			);
			runOnlyForDeploymentPostprocessing = 0;
		};
/* End PBXSourcesBuildPhase section */

/* Begin XCBuildConfiguration section */
		F17C1C122A30E22C00CABDB3 /* Debug */ = {
			isa = XCBuildConfiguration;
			buildSettings = {
				ALWAYS_SEARCH_USER_PATHS = NO;
				CLANG_ANALYZER_NONNULL = YES;
				CLANG_ANALYZER_NUMBER_OBJECT_CONVERSION = YES_AGGRESSIVE;
				CLANG_CXX_LANGUAGE_STANDARD = "gnu++20";
				CLANG_ENABLE_MODULES = YES;
				CLANG_ENABLE_OBJC_ARC = YES;
				CLANG_ENABLE_OBJC_WEAK = YES;
				CLANG_WARN_BLOCK_CAPTURE_AUTORELEASING = YES;
				CLANG_WARN_BOOL_CONVERSION = YES;
				CLANG_WARN_COMMA = YES;
				CLANG_WARN_CONSTANT_CONVERSION = YES;
				CLANG_WARN_DEPRECATED_OBJC_IMPLEMENTATIONS = YES;
				CLANG_WARN_DIRECT_OBJC_ISA_USAGE = YES_ERROR;
				CLANG_WARN_DOCUMENTATION_COMMENTS = YES;
				CLANG_WARN_EMPTY_BODY = YES;
				CLANG_WARN_ENUM_CONVERSION = YES;
				CLANG_WARN_INFINITE_RECURSION = YES;
				CLANG_WARN_INT_CONVERSION = YES;
				CLANG_WARN_NON_LITERAL_NULL_CONVERSION = YES;
				CLANG_WARN_OBJC_IMPLICIT_RETAIN_SELF = YES;
				CLANG_WARN_OBJC_LITERAL_CONVERSION = YES;
				CLANG_WARN_OBJC_ROOT_CLASS = YES_ERROR;
				CLANG_WARN_QUOTED_INCLUDE_IN_FRAMEWORK_HEADER = YES;
				CLANG_WARN_RANGE_LOOP_ANALYSIS = YES;
				CLANG_WARN_STRICT_PROTOTYPES = YES;
				CLANG_WARN_SUSPICIOUS_MOVE = YES;
				CLANG_WARN_UNGUARDED_AVAILABILITY = YES_AGGRESSIVE;
				CLANG_WARN_UNREACHABLE_CODE = YES;
				CLANG_WARN__DUPLICATE_METHOD_MATCH = YES;
				COPY_PHASE_STRIP = NO;
				DEBUG_INFORMATION_FORMAT = dwarf;
				ENABLE_STRICT_OBJC_MSGSEND = YES;
				ENABLE_TESTABILITY = YES;
				GCC_C_LANGUAGE_STANDARD = gnu11;
				GCC_DYNAMIC_NO_PIC = NO;
				GCC_NO_COMMON_BLOCKS = YES;
				GCC_OPTIMIZATION_LEVEL = 0;
				GCC_PREPROCESSOR_DEFINITIONS = (
					"DEBUG=1",
					"$(inherited)",
				);
				GCC_WARN_64_TO_32_BIT_CONVERSION = YES;
				GCC_WARN_ABOUT_RETURN_TYPE = YES_ERROR;
				GCC_WARN_UNDECLARED_SELECTOR = YES;
				GCC_WARN_UNINITIALIZED_AUTOS = YES_AGGRESSIVE;
				GCC_WARN_UNUSED_FUNCTION = YES;
				GCC_WARN_UNUSED_VARIABLE = YES;
				IPHONEOS_DEPLOYMENT_TARGET = 16.4;
				MTL_ENABLE_DEBUG_INFO = INCLUDE_SOURCE;
				MTL_FAST_MATH = YES;
				ONLY_ACTIVE_ARCH = YES;
				SDKROOT = iphoneos;
				SWIFT_ACTIVE_COMPILATION_CONDITIONS = DEBUG;
				SWIFT_OPTIMIZATION_LEVEL = "-Onone";
			};
			name = Debug;
		};
		F17C1C132A30E22C00CABDB3 /* Release */ = {
			isa = XCBuildConfiguration;
			buildSettings = {
				ALWAYS_SEARCH_USER_PATHS = NO;
				CLANG_ANALYZER_NONNULL = YES;
				CLANG_ANALYZER_NUMBER_OBJECT_CONVERSION = YES_AGGRESSIVE;
				CLANG_CXX_LANGUAGE_STANDARD = "gnu++20";
				CLANG_ENABLE_MODULES = YES;
				CLANG_ENABLE_OBJC_ARC = YES;
				CLANG_ENABLE_OBJC_WEAK = YES;
				CLANG_WARN_BLOCK_CAPTURE_AUTORELEASING = YES;
				CLANG_WARN_BOOL_CONVERSION = YES;
				CLANG_WARN_COMMA = YES;
				CLANG_WARN_CONSTANT_CONVERSION = YES;
				CLANG_WARN_DEPRECATED_OBJC_IMPLEMENTATIONS = YES;
				CLANG_WARN_DIRECT_OBJC_ISA_USAGE = YES_ERROR;
				CLANG_WARN_DOCUMENTATION_COMMENTS = YES;
				CLANG_WARN_EMPTY_BODY = YES;
				CLANG_WARN_ENUM_CONVERSION = YES;
				CLANG_WARN_INFINITE_RECURSION = YES;
				CLANG_WARN_INT_CONVERSION = YES;
				CLANG_WARN_NON_LITERAL_NULL_CONVERSION = YES;
				CLANG_WARN_OBJC_IMPLICIT_RETAIN_SELF = YES;
				CLANG_WARN_OBJC_LITERAL_CONVERSION = YES;
				CLANG_WARN_OBJC_ROOT_CLASS = YES_ERROR;
				CLANG_WARN_QUOTED_INCLUDE_IN_FRAMEWORK_HEADER = YES;
				CLANG_WARN_RANGE_LOOP_ANALYSIS = YES;
				CLANG_WARN_STRICT_PROTOTYPES = YES;
				CLANG_WARN_SUSPICIOUS_MOVE = YES;
				CLANG_WARN_UNGUARDED_AVAILABILITY = YES_AGGRESSIVE;
				CLANG_WARN_UNREACHABLE_CODE = YES;
				CLANG_WARN__DUPLICATE_METHOD_MATCH = YES;
				COPY_PHASE_STRIP = NO;
				DEBUG_INFORMATION_FORMAT = "dwarf-with-dsym";
				ENABLE_NS_ASSERTIONS = NO;
				ENABLE_STRICT_OBJC_MSGSEND = YES;
				GCC_C_LANGUAGE_STANDARD = gnu11;
				GCC_NO_COMMON_BLOCKS = YES;
				GCC_WARN_64_TO_32_BIT_CONVERSION = YES;
				GCC_WARN_ABOUT_RETURN_TYPE = YES_ERROR;
				GCC_WARN_UNDECLARED_SELECTOR = YES;
				GCC_WARN_UNINITIALIZED_AUTOS = YES_AGGRESSIVE;
				GCC_WARN_UNUSED_FUNCTION = YES;
				GCC_WARN_UNUSED_VARIABLE = YES;
				IPHONEOS_DEPLOYMENT_TARGET = 16.4;
				MTL_ENABLE_DEBUG_INFO = NO;
				MTL_FAST_MATH = YES;
				SDKROOT = iphoneos;
				SWIFT_COMPILATION_MODE = wholemodule;
				SWIFT_OPTIMIZATION_LEVEL = "-O";
				VALIDATE_PRODUCT = YES;
			};
			name = Release;
		};
		F17C1C152A30E22C00CABDB3 /* Debug */ = {
			isa = XCBuildConfiguration;
			buildSettings = {
				ASSETCATALOG_COMPILER_APPICON_NAME = AppIcon;
				ASSETCATALOG_COMPILER_GLOBAL_ACCENT_COLOR_NAME = AccentColor;
				CODE_SIGN_STYLE = Automatic;
				CURRENT_PROJECT_VERSION = 1;
				DEVELOPMENT_ASSET_PATHS = "\"Homework1/Preview Content\"";
				DEVELOPMENT_TEAM = C53A58UGVG;
				ENABLE_PREVIEWS = YES;
				GENERATE_INFOPLIST_FILE = YES;
				INFOPLIST_KEY_UIApplicationSceneManifest_Generation = YES;
				INFOPLIST_KEY_UIApplicationSupportsIndirectInputEvents = YES;
				INFOPLIST_KEY_UILaunchScreen_Generation = YES;
				INFOPLIST_KEY_UISupportedInterfaceOrientations_iPad = "UIInterfaceOrientationPortrait UIInterfaceOrientationPortraitUpsideDown UIInterfaceOrientationLandscapeLeft UIInterfaceOrientationLandscapeRight";
				INFOPLIST_KEY_UISupportedInterfaceOrientations_iPhone = "UIInterfaceOrientationPortrait UIInterfaceOrientationLandscapeLeft UIInterfaceOrientationLandscapeRight";
				LD_RUNPATH_SEARCH_PATHS = (
					"$(inherited)",
					"@executable_path/Frameworks",
				);
				MARKETING_VERSION = 1.0;
				PRODUCT_BUNDLE_IDENTIFIER = rg.Homework1;
				PRODUCT_NAME = "$(TARGET_NAME)";
				SWIFT_EMIT_LOC_STRINGS = YES;
				SWIFT_VERSION = 5.0;
				TARGETED_DEVICE_FAMILY = "1,2";
			};
			name = Debug;
		};
		F17C1C162A30E22C00CABDB3 /* Release */ = {
			isa = XCBuildConfiguration;
			buildSettings = {
				ASSETCATALOG_COMPILER_APPICON_NAME = AppIcon;
				ASSETCATALOG_COMPILER_GLOBAL_ACCENT_COLOR_NAME = AccentColor;
				CODE_SIGN_STYLE = Automatic;
				CURRENT_PROJECT_VERSION = 1;
				DEVELOPMENT_ASSET_PATHS = "\"Homework1/Preview Content\"";
				DEVELOPMENT_TEAM = C53A58UGVG;
				ENABLE_PREVIEWS = YES;
				GENERATE_INFOPLIST_FILE = YES;
				INFOPLIST_KEY_UIApplicationSceneManifest_Generation = YES;
				INFOPLIST_KEY_UIApplicationSupportsIndirectInputEvents = YES;
				INFOPLIST_KEY_UILaunchScreen_Generation = YES;
				INFOPLIST_KEY_UISupportedInterfaceOrientations_iPad = "UIInterfaceOrientationPortrait UIInterfaceOrientationPortraitUpsideDown UIInterfaceOrientationLandscapeLeft UIInterfaceOrientationLandscapeRight";
				INFOPLIST_KEY_UISupportedInterfaceOrientations_iPhone = "UIInterfaceOrientationPortrait UIInterfaceOrientationLandscapeLeft UIInterfaceOrientationLandscapeRight";
				LD_RUNPATH_SEARCH_PATHS = (
					"$(inherited)",
					"@executable_path/Frameworks",
				);
				MARKETING_VERSION = 1.0;
				PRODUCT_BUNDLE_IDENTIFIER = rg.Homework1;
				PRODUCT_NAME = "$(TARGET_NAME)";
				SWIFT_EMIT_LOC_STRINGS = YES;
				SWIFT_VERSION = 5.0;
				TARGETED_DEVICE_FAMILY = "1,2";
			};
			name = Release;
		};
/* End XCBuildConfiguration section */

/* Begin XCConfigurationList section */
		F17C1C012A30E22A00CABDB3 /* Build configuration list for PBXProject "Homework1" */ = {
			isa = XCConfigurationList;
			buildConfigurations = (
				F17C1C122A30E22C00CABDB3 /* Debug */,
				F17C1C132A30E22C00CABDB3 /* Release */,
			);
			defaultConfigurationIsVisible = 0;
			defaultConfigurationName = Release;
		};
		F17C1C142A30E22C00CABDB3 /* Build configuration list for PBXNativeTarget "Homework1" */ = {
			isa = XCConfigurationList;
			buildConfigurations = (
				F17C1C152A30E22C00CABDB3 /* Debug */,
				F17C1C162A30E22C00CABDB3 /* Release */,
			);
			defaultConfigurationIsVisible = 0;
			defaultConfigurationName = Release;
		};
/* End XCConfigurationList section */
	};
	rootObject = F17C1BFE2A30E22A00CABDB3 /* Project object */;
}
